// !$*UTF8*$!
{
	archiveVersion = 1;
	classes = {
	};
	objectVersion = 55;
	objects = {

/* Begin PBXBuildFile section */
		D7DFB95F276F6CE10066B264 /* WeatherDemoApp.swift in Sources */ = {isa = PBXBuildFile; fileRef = D7DFB95E276F6CE10066B264 /* WeatherDemoApp.swift */; };
		D7DFB961276F6CE10066B264 /* ContentView.swift in Sources */ = {isa = PBXBuildFile; fileRef = D7DFB960276F6CE10066B264 /* ContentView.swift */; };
		D7DFB963276F6CE30066B264 /* Assets.xcassets in Resources */ = {isa = PBXBuildFile; fileRef = D7DFB962276F6CE30066B264 /* Assets.xcassets */; };
		D7DFB966276F6CE30066B264 /* Preview Assets.xcassets in Resources */ = {isa = PBXBuildFile; fileRef = D7DFB965276F6CE30066B264 /* Preview Assets.xcassets */; };
		D7DFB96E276F6FD20066B264 /* LocationManager.swift in Sources */ = {isa = PBXBuildFile; fileRef = D7DFB96D276F6FD20066B264 /* LocationManager.swift */; };
		D7DFB971276F71730066B264 /* WelcomeView.swift in Sources */ = {isa = PBXBuildFile; fileRef = D7DFB970276F71730066B264 /* WelcomeView.swift */; };
		D7DFB973276F74DD0066B264 /* LoadingView.swift in Sources */ = {isa = PBXBuildFile; fileRef = D7DFB972276F74DD0066B264 /* LoadingView.swift */; };
		D7DFB975276F76A00066B264 /* WeatherManager.swift in Sources */ = {isa = PBXBuildFile; fileRef = D7DFB974276F769F0066B264 /* WeatherManager.swift */; };
		D7DFB977276F7A5A0066B264 /* WeatherView.swift in Sources */ = {isa = PBXBuildFile; fileRef = D7DFB976276F7A5A0066B264 /* WeatherView.swift */; };
		D7DFB979276F7B650066B264 /* ModelData.swift in Sources */ = {isa = PBXBuildFile; fileRef = D7DFB978276F7B650066B264 /* ModelData.swift */; };
		D7DFB97B276F7BD90066B264 /* weatherData.json in Resources */ = {isa = PBXBuildFile; fileRef = D7DFB97A276F7BD90066B264 /* weatherData.json */; };
		D7DFB97D276F7DD20066B264 /* Extensions.swift in Sources */ = {isa = PBXBuildFile; fileRef = D7DFB97C276F7DD20066B264 /* Extensions.swift */; };
		D7DFB980276F8AE80066B264 /* WeatherRow.swift in Sources */ = {isa = PBXBuildFile; fileRef = D7DFB97F276F8AE80066B264 /* WeatherRow.swift */; };
/* End PBXBuildFile section */

/* Begin PBXFileReference section */
		D7DFB95B276F6CE10066B264 /* WeatherDemo.app */ = {isa = PBXFileReference; explicitFileType = wrapper.application; includeInIndex = 0; path = WeatherDemo.app; sourceTree = BUILT_PRODUCTS_DIR; };
		D7DFB95E276F6CE10066B264 /* WeatherDemoApp.swift */ = {isa = PBXFileReference; lastKnownFileType = sourcecode.swift; path = WeatherDemoApp.swift; sourceTree = "<group>"; };
		D7DFB960276F6CE10066B264 /* ContentView.swift */ = {isa = PBXFileReference; lastKnownFileType = sourcecode.swift; path = ContentView.swift; sourceTree = "<group>"; usesTabs = 0; };
		D7DFB962276F6CE30066B264 /* Assets.xcassets */ = {isa = PBXFileReference; lastKnownFileType = folder.assetcatalog; path = Assets.xcassets; sourceTree = "<group>"; };
		D7DFB965276F6CE30066B264 /* Preview Assets.xcassets */ = {isa = PBXFileReference; lastKnownFileType = folder.assetcatalog; path = "Preview Assets.xcassets"; sourceTree = "<group>"; };
		D7DFB96D276F6FD20066B264 /* LocationManager.swift */ = {isa = PBXFileReference; lastKnownFileType = sourcecode.swift; path = LocationManager.swift; sourceTree = "<group>"; };
		D7DFB970276F71730066B264 /* WelcomeView.swift */ = {isa = PBXFileReference; lastKnownFileType = sourcecode.swift; path = WelcomeView.swift; sourceTree = "<group>"; };
		D7DFB972276F74DD0066B264 /* LoadingView.swift */ = {isa = PBXFileReference; lastKnownFileType = sourcecode.swift; path = LoadingView.swift; sourceTree = "<group>"; };
		D7DFB974276F769F0066B264 /* WeatherManager.swift */ = {isa = PBXFileReference; lastKnownFileType = sourcecode.swift; path = WeatherManager.swift; sourceTree = "<group>"; };
		D7DFB976276F7A5A0066B264 /* WeatherView.swift */ = {isa = PBXFileReference; lastKnownFileType = sourcecode.swift; path = WeatherView.swift; sourceTree = "<group>"; };
		D7DFB978276F7B650066B264 /* ModelData.swift */ = {isa = PBXFileReference; lastKnownFileType = sourcecode.swift; path = ModelData.swift; sourceTree = "<group>"; };
		D7DFB97A276F7BD90066B264 /* weatherData.json */ = {isa = PBXFileReference; lastKnownFileType = text.json; path = weatherData.json; sourceTree = "<group>"; };
		D7DFB97C276F7DD20066B264 /* Extensions.swift */ = {isa = PBXFileReference; lastKnownFileType = sourcecode.swift; path = Extensions.swift; sourceTree = "<group>"; };
		D7DFB97F276F8AE80066B264 /* WeatherRow.swift */ = {isa = PBXFileReference; lastKnownFileType = sourcecode.swift; path = WeatherRow.swift; sourceTree = "<group>"; };
/* End PBXFileReference section */

/* Begin PBXFrameworksBuildPhase section */
		D7DFB958276F6CE10066B264 /* Frameworks */ = {
			isa = PBXFrameworksBuildPhase;
			buildActionMask = 2147483647;
			files = (
			);
			runOnlyForDeploymentPostprocessing = 0;
		};
/* End PBXFrameworksBuildPhase section */

/* Begin PBXGroup section */
		D7DFB952276F6CE10066B264 = {
			isa = PBXGroup;
			children = (
				D7DFB95D276F6CE10066B264 /* WeatherDemo */,
				D7DFB95C276F6CE10066B264 /* Products */,
			);
			sourceTree = "<group>";
		};
		D7DFB95C276F6CE10066B264 /* Products */ = {
			isa = PBXGroup;
			children = (
				D7DFB95B276F6CE10066B264 /* WeatherDemo.app */,
			);
			name = Products;
			sourceTree = "<group>";
		};
		D7DFB95D276F6CE10066B264 /* WeatherDemo */ = {
			isa = PBXGroup;
			children = (
				D7DFB95E276F6CE10066B264 /* WeatherDemoApp.swift */,
				D7DFB96F276F71140066B264 /* Views */,
				D7DFB96C276F6FA70066B264 /* Managers */,
				D7DFB97E276F8AC00066B264 /* Components */,
				D7DFB97C276F7DD20066B264 /* Extensions.swift */,
				D7DFB962276F6CE30066B264 /* Assets.xcassets */,
				D7DFB964276F6CE30066B264 /* Preview Content */,
			);
			path = WeatherDemo;
			sourceTree = "<group>";
		};
		D7DFB964276F6CE30066B264 /* Preview Content */ = {
			isa = PBXGroup;
			children = (
				D7DFB965276F6CE30066B264 /* Preview Assets.xcassets */,
				D7DFB978276F7B650066B264 /* ModelData.swift */,
				D7DFB97A276F7BD90066B264 /* weatherData.json */,
			);
			path = "Preview Content";
			sourceTree = "<group>";
		};
		D7DFB96C276F6FA70066B264 /* Managers */ = {
			isa = PBXGroup;
			children = (
				D7DFB96D276F6FD20066B264 /* LocationManager.swift */,
				D7DFB974276F769F0066B264 /* WeatherManager.swift */,
			);
			path = Managers;
			sourceTree = "<group>";
		};
		D7DFB96F276F71140066B264 /* Views */ = {
			isa = PBXGroup;
			children = (
				D7DFB960276F6CE10066B264 /* ContentView.swift */,
				D7DFB970276F71730066B264 /* WelcomeView.swift */,
				D7DFB972276F74DD0066B264 /* LoadingView.swift */,
				D7DFB976276F7A5A0066B264 /* WeatherView.swift */,
			);
			path = Views;
			sourceTree = "<group>";
		};
		D7DFB97E276F8AC00066B264 /* Components */ = {
			isa = PBXGroup;
			children = (
				D7DFB97F276F8AE80066B264 /* WeatherRow.swift */,
			);
			path = Components;
			sourceTree = "<group>";
		};
/* End PBXGroup section */

/* Begin PBXNativeTarget section */
		D7DFB95A276F6CE10066B264 /* WeatherDemo */ = {
			isa = PBXNativeTarget;
			buildConfigurationList = D7DFB969276F6CE30066B264 /* Build configuration list for PBXNativeTarget "WeatherDemo" */;
			buildPhases = (
				D7DFB957276F6CE10066B264 /* Sources */,
				D7DFB958276F6CE10066B264 /* Frameworks */,
				D7DFB959276F6CE10066B264 /* Resources */,
			);
			buildRules = (
			);
			dependencies = (
			);
			name = WeatherDemo;
			productName = WeatherDemo;
			productReference = D7DFB95B276F6CE10066B264 /* WeatherDemo.app */;
			productType = "com.apple.product-type.application";
		};
/* End PBXNativeTarget section */

/* Begin PBXProject section */
		D7DFB953276F6CE10066B264 /* Project object */ = {
			isa = PBXProject;
			attributes = {
				BuildIndependentTargetsInParallel = 1;
				LastSwiftUpdateCheck = 1310;
				LastUpgradeCheck = 1310;
				TargetAttributes = {
					D7DFB95A276F6CE10066B264 = {
						CreatedOnToolsVersion = 13.1;
					};
				};
			};
			buildConfigurationList = D7DFB956276F6CE10066B264 /* Build configuration list for PBXProject "WeatherDemo" */;
			compatibilityVersion = "Xcode 13.0";
			developmentRegion = en;
			hasScannedForEncodings = 0;
			knownRegions = (
				en,
				Base,
			);
			mainGroup = D7DFB952276F6CE10066B264;
			productRefGroup = D7DFB95C276F6CE10066B264 /* Products */;
			projectDirPath = "";
			projectRoot = "";
			targets = (
				D7DFB95A276F6CE10066B264 /* WeatherDemo */,
			);
		};
/* End PBXProject section */

/* Begin PBXResourcesBuildPhase section */
		D7DFB959276F6CE10066B264 /* Resources */ = {
			isa = PBXResourcesBuildPhase;
			buildActionMask = 2147483647;
			files = (
				D7DFB966276F6CE30066B264 /* Preview Assets.xcassets in Resources */,
				D7DFB97B276F7BD90066B264 /* weatherData.json in Resources */,
				D7DFB963276F6CE30066B264 /* Assets.xcassets in Resources */,
			);
			runOnlyForDeploymentPostprocessing = 0;
		};
/* End PBXResourcesBuildPhase section */

/* Begin PBXSourcesBuildPhase section */
		D7DFB957276F6CE10066B264 /* Sources */ = {
			isa = PBXSourcesBuildPhase;
			buildActionMask = 2147483647;
			files = (
				D7DFB975276F76A00066B264 /* WeatherManager.swift in Sources */,
				D7DFB97D276F7DD20066B264 /* Extensions.swift in Sources */,
				D7DFB961276F6CE10066B264 /* ContentView.swift in Sources */,
				D7DFB95F276F6CE10066B264 /* WeatherDemoApp.swift in Sources */,
				D7DFB96E276F6FD20066B264 /* LocationManager.swift in Sources */,
				D7DFB980276F8AE80066B264 /* WeatherRow.swift in Sources */,
				D7DFB973276F74DD0066B264 /* LoadingView.swift in Sources */,
				D7DFB979276F7B650066B264 /* ModelData.swift in Sources */,
				D7DFB977276F7A5A0066B264 /* WeatherView.swift in Sources */,
				D7DFB971276F71730066B264 /* WelcomeView.swift in Sources */,
			);
			runOnlyForDeploymentPostprocessing = 0;
		};
/* End PBXSourcesBuildPhase section */

/* Begin XCBuildConfiguration section */
		D7DFB967276F6CE30066B264 /* Debug */ = {
			isa = XCBuildConfiguration;
			buildSettings = {
				ALWAYS_SEARCH_USER_PATHS = NO;
				CLANG_ANALYZER_NONNULL = YES;
				CLANG_ANALYZER_NUMBER_OBJECT_CONVERSION = YES_AGGRESSIVE;
				CLANG_CXX_LANGUAGE_STANDARD = "gnu++17";
				CLANG_CXX_LIBRARY = "libc++";
				CLANG_ENABLE_MODULES = YES;
				CLANG_ENABLE_OBJC_ARC = YES;
				CLANG_ENABLE_OBJC_WEAK = YES;
				CLANG_WARN_BLOCK_CAPTURE_AUTORELEASING = YES;
				CLANG_WARN_BOOL_CONVERSION = YES;
				CLANG_WARN_COMMA = YES;
				CLANG_WARN_CONSTANT_CONVERSION = YES;
				CLANG_WARN_DEPRECATED_OBJC_IMPLEMENTATIONS = YES;
				CLANG_WARN_DIRECT_OBJC_ISA_USAGE = YES_ERROR;
				CLANG_WARN_DOCUMENTATION_COMMENTS = YES;
				CLANG_WARN_EMPTY_BODY = YES;
				CLANG_WARN_ENUM_CONVERSION = YES;
				CLANG_WARN_INFINITE_RECURSION = YES;
				CLANG_WARN_INT_CONVERSION = YES;
				CLANG_WARN_NON_LITERAL_NULL_CONVERSION = YES;
				CLANG_WARN_OBJC_IMPLICIT_RETAIN_SELF = YES;
				CLANG_WARN_OBJC_LITERAL_CONVERSION = YES;
				CLANG_WARN_OBJC_ROOT_CLASS = YES_ERROR;
				CLANG_WARN_QUOTED_INCLUDE_IN_FRAMEWORK_HEADER = YES;
				CLANG_WARN_RANGE_LOOP_ANALYSIS = YES;
				CLANG_WARN_STRICT_PROTOTYPES = YES;
				CLANG_WARN_SUSPICIOUS_MOVE = YES;
				CLANG_WARN_UNGUARDED_AVAILABILITY = YES_AGGRESSIVE;
				CLANG_WARN_UNREACHABLE_CODE = YES;
				CLANG_WARN__DUPLICATE_METHOD_MATCH = YES;
				COPY_PHASE_STRIP = NO;
				DEBUG_INFORMATION_FORMAT = dwarf;
				ENABLE_STRICT_OBJC_MSGSEND = YES;
				ENABLE_TESTABILITY = YES;
				GCC_C_LANGUAGE_STANDARD = gnu11;
				GCC_DYNAMIC_NO_PIC = NO;
				GCC_NO_COMMON_BLOCKS = YES;
				GCC_OPTIMIZATION_LEVEL = 0;
				GCC_PREPROCESSOR_DEFINITIONS = (
					"DEBUG=1",
					"$(inherited)",
				);
				GCC_WARN_64_TO_32_BIT_CONVERSION = YES;
				GCC_WARN_ABOUT_RETURN_TYPE = YES_ERROR;
				GCC_WARN_UNDECLARED_SELECTOR = YES;
				GCC_WARN_UNINITIALIZED_AUTOS = YES_AGGRESSIVE;
				GCC_WARN_UNUSED_FUNCTION = YES;
				GCC_WARN_UNUSED_VARIABLE = YES;
				IPHONEOS_DEPLOYMENT_TARGET = 15.0;
				MTL_ENABLE_DEBUG_INFO = INCLUDE_SOURCE;
				MTL_FAST_MATH = YES;
				ONLY_ACTIVE_ARCH = YES;
				SDKROOT = iphoneos;
				SWIFT_ACTIVE_COMPILATION_CONDITIONS = DEBUG;
				SWIFT_OPTIMIZATION_LEVEL = "-Onone";
			};
			name = Debug;
		};
		D7DFB968276F6CE30066B264 /* Release */ = {
			isa = XCBuildConfiguration;
			buildSettings = {
				ALWAYS_SEARCH_USER_PATHS = NO;
				CLANG_ANALYZER_NONNULL = YES;
				CLANG_ANALYZER_NUMBER_OBJECT_CONVERSION = YES_AGGRESSIVE;
				CLANG_CXX_LANGUAGE_STANDARD = "gnu++17";
				CLANG_CXX_LIBRARY = "libc++";
				CLANG_ENABLE_MODULES = YES;
				CLANG_ENABLE_OBJC_ARC = YES;
				CLANG_ENABLE_OBJC_WEAK = YES;
				CLANG_WARN_BLOCK_CAPTURE_AUTORELEASING = YES;
				CLANG_WARN_BOOL_CONVERSION = YES;
				CLANG_WARN_COMMA = YES;
				CLANG_WARN_CONSTANT_CONVERSION = YES;
				CLANG_WARN_DEPRECATED_OBJC_IMPLEMENTATIONS = YES;
				CLANG_WARN_DIRECT_OBJC_ISA_USAGE = YES_ERROR;
				CLANG_WARN_DOCUMENTATION_COMMENTS = YES;
				CLANG_WARN_EMPTY_BODY = YES;
				CLANG_WARN_ENUM_CONVERSION = YES;
				CLANG_WARN_INFINITE_RECURSION = YES;
				CLANG_WARN_INT_CONVERSION = YES;
				CLANG_WARN_NON_LITERAL_NULL_CONVERSION = YES;
				CLANG_WARN_OBJC_IMPLICIT_RETAIN_SELF = YES;
				CLANG_WARN_OBJC_LITERAL_CONVERSION = YES;
				CLANG_WARN_OBJC_ROOT_CLASS = YES_ERROR;
				CLANG_WARN_QUOTED_INCLUDE_IN_FRAMEWORK_HEADER = YES;
				CLANG_WARN_RANGE_LOOP_ANALYSIS = YES;
				CLANG_WARN_STRICT_PROTOTYPES = YES;
				CLANG_WARN_SUSPICIOUS_MOVE = YES;
				CLANG_WARN_UNGUARDED_AVAILABILITY = YES_AGGRESSIVE;
				CLANG_WARN_UNREACHABLE_CODE = YES;
				CLANG_WARN__DUPLICATE_METHOD_MATCH = YES;
				COPY_PHASE_STRIP = NO;
				DEBUG_INFORMATION_FORMAT = "dwarf-with-dsym";
				ENABLE_NS_ASSERTIONS = NO;
				ENABLE_STRICT_OBJC_MSGSEND = YES;
				GCC_C_LANGUAGE_STANDARD = gnu11;
				GCC_NO_COMMON_BLOCKS = YES;
				GCC_WARN_64_TO_32_BIT_CONVERSION = YES;
				GCC_WARN_ABOUT_RETURN_TYPE = YES_ERROR;
				GCC_WARN_UNDECLARED_SELECTOR = YES;
				GCC_WARN_UNINITIALIZED_AUTOS = YES_AGGRESSIVE;
				GCC_WARN_UNUSED_FUNCTION = YES;
				GCC_WARN_UNUSED_VARIABLE = YES;
				IPHONEOS_DEPLOYMENT_TARGET = 15.0;
				MTL_ENABLE_DEBUG_INFO = NO;
				MTL_FAST_MATH = YES;
				SDKROOT = iphoneos;
				SWIFT_COMPILATION_MODE = wholemodule;
				SWIFT_OPTIMIZATION_LEVEL = "-O";
				VALIDATE_PRODUCT = YES;
			};
			name = Release;
		};
		D7DFB96A276F6CE30066B264 /* Debug */ = {
			isa = XCBuildConfiguration;
			buildSettings = {
				ASSETCATALOG_COMPILER_APPICON_NAME = AppIcon;
				ASSETCATALOG_COMPILER_GLOBAL_ACCENT_COLOR_NAME = AccentColor;
				CODE_SIGN_STYLE = Automatic;
				CURRENT_PROJECT_VERSION = 1;
				DEVELOPMENT_ASSET_PATHS = "\"WeatherDemo/Preview Content\"";
				DEVELOPMENT_TEAM = JT4NX83JD6;
				ENABLE_PREVIEWS = YES;
				GENERATE_INFOPLIST_FILE = YES;
				INFOPLIST_KEY_UIApplicationSceneManifest_Generation = YES;
				INFOPLIST_KEY_UIApplicationSupportsIndirectInputEvents = YES;
				INFOPLIST_KEY_UILaunchScreen_Generation = YES;
				INFOPLIST_KEY_UISupportedInterfaceOrientations_iPad = "UIInterfaceOrientationPortrait UIInterfaceOrientationPortraitUpsideDown UIInterfaceOrientationLandscapeLeft UIInterfaceOrientationLandscapeRight";
				INFOPLIST_KEY_UISupportedInterfaceOrientations_iPhone = "UIInterfaceOrientationPortrait UIInterfaceOrientationLandscapeLeft UIInterfaceOrientationLandscapeRight";
				LD_RUNPATH_SEARCH_PATHS = (
					"$(inherited)",
					"@executable_path/Frameworks",
				);
				MARKETING_VERSION = 1.0;
				PRODUCT_BUNDLE_IDENTIFIER = "ru.zuev-ar.WeatherDemo";
				PRODUCT_NAME = "$(TARGET_NAME)";
				SWIFT_EMIT_LOC_STRINGS = YES;
				SWIFT_VERSION = 5.0;
				TARGETED_DEVICE_FAMILY = "1,2";
			};
			name = Debug;
		};
		D7DFB96B276F6CE30066B264 /* Release */ = {
			isa = XCBuildConfiguration;
			buildSettings = {
				ASSETCATALOG_COMPILER_APPICON_NAME = AppIcon;
				ASSETCATALOG_COMPILER_GLOBAL_ACCENT_COLOR_NAME = AccentColor;
				CODE_SIGN_STYLE = Automatic;
				CURRENT_PROJECT_VERSION = 1;
				DEVELOPMENT_ASSET_PATHS = "\"WeatherDemo/Preview Content\"";
				DEVELOPMENT_TEAM = JT4NX83JD6;
				ENABLE_PREVIEWS = YES;
				GENERATE_INFOPLIST_FILE = YES;
				INFOPLIST_KEY_UIApplicationSceneManifest_Generation = YES;
				INFOPLIST_KEY_UIApplicationSupportsIndirectInputEvents = YES;
				INFOPLIST_KEY_UILaunchScreen_Generation = YES;
				INFOPLIST_KEY_UISupportedInterfaceOrientations_iPad = "UIInterfaceOrientationPortrait UIInterfaceOrientationPortraitUpsideDown UIInterfaceOrientationLandscapeLeft UIInterfaceOrientationLandscapeRight";
				INFOPLIST_KEY_UISupportedInterfaceOrientations_iPhone = "UIInterfaceOrientationPortrait UIInterfaceOrientationLandscapeLeft UIInterfaceOrientationLandscapeRight";
				LD_RUNPATH_SEARCH_PATHS = (
					"$(inherited)",
					"@executable_path/Frameworks",
				);
				MARKETING_VERSION = 1.0;
				PRODUCT_BUNDLE_IDENTIFIER = "ru.zuev-ar.WeatherDemo";
				PRODUCT_NAME = "$(TARGET_NAME)";
				SWIFT_EMIT_LOC_STRINGS = YES;
				SWIFT_VERSION = 5.0;
				TARGETED_DEVICE_FAMILY = "1,2";
			};
			name = Release;
		};
/* End XCBuildConfiguration section */

/* Begin XCConfigurationList section */
		D7DFB956276F6CE10066B264 /* Build configuration list for PBXProject "WeatherDemo" */ = {
			isa = XCConfigurationList;
			buildConfigurations = (
				D7DFB967276F6CE30066B264 /* Debug */,
				D7DFB968276F6CE30066B264 /* Release */,
			);
			defaultConfigurationIsVisible = 0;
			defaultConfigurationName = Release;
		};
		D7DFB969276F6CE30066B264 /* Build configuration list for PBXNativeTarget "WeatherDemo" */ = {
			isa = XCConfigurationList;
			buildConfigurations = (
				D7DFB96A276F6CE30066B264 /* Debug */,
				D7DFB96B276F6CE30066B264 /* Release */,
			);
			defaultConfigurationIsVisible = 0;
			defaultConfigurationName = Release;
		};
/* End XCConfigurationList section */
	};
	rootObject = D7DFB953276F6CE10066B264 /* Project object */;
}
